
Microsoft Visual Studio Solution File, Format Version 12.00
# Visual Studio Version 17
VisualStudioVersion = 17.5.33414.496
MinimumVisualStudioVersion = 10.0.40219.1
Project("{FAE04EC0-301F-11D3-BF4B-00C04F79EFBC}") = "QLTS", "QLTS.csproj", "{7305D48B-C1D2-4DA1-B381-3D533522D6A1}"
EndProject
Project("{FAE04EC0-301F-11D3-BF4B-00C04F79EFBC}") = "QLTS.DAO", "..\QLTS.DAO\QLTS.DAO.csproj", "{ED799585-8AA3-4747-A6B8-D5A70A5313BE}"
EndProject
Project("{FAE04EC0-301F-11D3-BF4B-00C04F79EFBC}") = "QLTS.DTO", "..\QLTS.DTO\QLTS.DTO.csproj", "{C86FC39D-4564-4D44-8704-E22EB5865416}"
EndProject
Global
	GlobalSection(SolutionConfigurationPlatforms) = preSolution
		Debug|Any CPU = Debug|Any CPU
		Release|Any CPU = Release|Any CPU
	EndGlobalSection
	GlobalSection(ProjectConfigurationPlatforms) = postSolution
		{7305D48B-C1D2-4DA1-B381-3D533522D6A1}.Debug|Any CPU.ActiveCfg = Debug|Any CPU
		{7305D48B-C1D2-4DA1-B381-3D533522D6A1}.Debug|Any CPU.Build.0 = Debug|Any CPU
		{7305D48B-C1D2-4DA1-B381-3D533522D6A1}.Release|Any CPU.ActiveCfg = Release|Any CPU
		{7305D48B-C1D2-4DA1-B381-3D533522D6A1}.Release|Any CPU.Build.0 = Release|Any CPU
		{ED799585-8AA3-4747-A6B8-D5A70A5313BE}.Debug|Any CPU.ActiveCfg = Debug|Any CPU
		{ED799585-8AA3-4747-A6B8-D5A70A5313BE}.Debug|Any CPU.Build.0 = Debug|Any CPU
		{ED799585-8AA3-4747-A6B8-D5A70A5313BE}.Release|Any CPU.ActiveCfg = Release|Any CPU
		{ED799585-8AA3-4747-A6B8-D5A70A5313BE}.Release|Any CPU.Build.0 = Release|Any CPU
		{C86FC39D-4564-4D44-8704-E22EB5865416}.Debug|Any CPU.ActiveCfg = Debug|Any CPU
		{C86FC39D-4564-4D44-8704-E22EB5865416}.Debug|Any CPU.Build.0 = Debug|Any CPU
		{C86FC39D-4564-4D44-8704-E22EB5865416}.Release|Any CPU.ActiveCfg = Release|Any CPU
		{C86FC39D-4564-4D44-8704-E22EB5865416}.Release|Any CPU.Build.0 = Release|Any CPU
	EndGlobalSection
	GlobalSection(SolutionProperties) = preSolution
		HideSolutionNode = FALSE
	EndGlobalSection
	GlobalSection(ExtensibilityGlobals) = postSolution
		SolutionGuid = {48ECD342-DFBF-4078-98CF-48BF224679FF}
	EndGlobalSection
EndGlobal
